// !$*UTF8*$!
{
	archiveVersion = 1;
	classes = {
	};
	objectVersion = 46;
	objects = {

/* Begin PBXBuildFile section */
		00E356F31AD99517003FC87E /* MapsMultiViewTests.m in Sources */ = {isa = PBXBuildFile; fileRef = 00E356F21AD99517003FC87E /* MapsMultiViewTests.m */; };
		13B07FBC1A68108700A75B9A /* AppDelegate.m in Sources */ = {isa = PBXBuildFile; fileRef = 13B07FB01A68108700A75B9A /* AppDelegate.m */; };
		13B07FBF1A68108700A75B9A /* Images.xcassets in Resources */ = {isa = PBXBuildFile; fileRef = 13B07FB51A68108700A75B9A /* Images.xcassets */; };
		13B07FC11A68108700A75B9A /* main.m in Sources */ = {isa = PBXBuildFile; fileRef = 13B07FB71A68108700A75B9A /* main.m */; };
		2D02E4BC1E0B4A80006451C7 /* AppDelegate.m in Sources */ = {isa = PBXBuildFile; fileRef = 13B07FB01A68108700A75B9A /* AppDelegate.m */; };
		2D02E4BD1E0B4A84006451C7 /* Images.xcassets in Resources */ = {isa = PBXBuildFile; fileRef = 13B07FB51A68108700A75B9A /* Images.xcassets */; };
		2D02E4BF1E0B4AB3006451C7 /* main.m in Sources */ = {isa = PBXBuildFile; fileRef = 13B07FB71A68108700A75B9A /* main.m */; };
		2DCD954D1E0B4F2C00145EB5 /* MapsMultiViewTests.m in Sources */ = {isa = PBXBuildFile; fileRef = 00E356F21AD99517003FC87E /* MapsMultiViewTests.m */; };
		81AB9BB82411601600AC10FF /* LaunchScreen.storyboard in Resources */ = {isa = PBXBuildFile; fileRef = 81AB9BB72411601600AC10FF /* LaunchScreen.storyboard */; };
		05E1B20BDA2148CA96FA765B /* JosefinSans-Bold.ttf in Resources */ = {isa = PBXBuildFile; fileRef = BE1489398F704AB8BF7E0DCB /* JosefinSans-Bold.ttf */; };
		273F294CDAE04A6594C1604A /* JosefinSans-BoldItalic.ttf in Resources */ = {isa = PBXBuildFile; fileRef = 35468EC372E14C3090859F27 /* JosefinSans-BoldItalic.ttf */; };
		8DF527FAC0A3499DB33B87CF /* JosefinSans-ExtraLight.ttf in Resources */ = {isa = PBXBuildFile; fileRef = D7CC85667C884271849E65EB /* JosefinSans-ExtraLight.ttf */; };
		9D51B08BADBC47A2A6E1D12D /* JosefinSans-ExtraLightItalic.ttf in Resources */ = {isa = PBXBuildFile; fileRef = 7600AF50271649F4A1FA8769 /* JosefinSans-ExtraLightItalic.ttf */; };
		3A575C30EEC44E0BB096AF69 /* JosefinSans-Italic-VariableFont_wght.ttf in Resources */ = {isa = PBXBuildFile; fileRef = 01ACBA1D979248E0B39556CD /* JosefinSans-Italic-VariableFont_wght.ttf */; };
		3CC2C3FA12A845CFBE8D2B4C /* JosefinSans-Italic.ttf in Resources */ = {isa = PBXBuildFile; fileRef = 966EEA5766FB43E897D91977 /* JosefinSans-Italic.ttf */; };
		BC7266812CF84D3EB22CD13A /* JosefinSans-Light.ttf in Resources */ = {isa = PBXBuildFile; fileRef = 6FB3726BACFA452288094321 /* JosefinSans-Light.ttf */; };
		F09D582A1F4844929CA20F61 /* JosefinSans-LightItalic.ttf in Resources */ = {isa = PBXBuildFile; fileRef = 8D766B19AD4049DEB6F3A648 /* JosefinSans-LightItalic.ttf */; };
		BB3093178E35487598B36BC1 /* JosefinSans-Medium.ttf in Resources */ = {isa = PBXBuildFile; fileRef = 124C9CADB3A346A9A5FBD918 /* JosefinSans-Medium.ttf */; };
		491D84A897B0419DA13806E1 /* JosefinSans-MediumItalic.ttf in Resources */ = {isa = PBXBuildFile; fileRef = 20A27B2C1C0F420DBDAE3ADB /* JosefinSans-MediumItalic.ttf */; };
		92226BB1992B42CAB36DC699 /* JosefinSans-Regular.ttf in Resources */ = {isa = PBXBuildFile; fileRef = CF7A09130A0C402EB3B817E7 /* JosefinSans-Regular.ttf */; };
		4E5C2A024501452A90EE3175 /* JosefinSans-SemiBold.ttf in Resources */ = {isa = PBXBuildFile; fileRef = 8CE255253D98458CBCB32B8E /* JosefinSans-SemiBold.ttf */; };
		030F2D5C1D254C959CDA0DAA /* JosefinSans-SemiBoldItalic.ttf in Resources */ = {isa = PBXBuildFile; fileRef = B17966050D13454BB7CFAC77 /* JosefinSans-SemiBoldItalic.ttf */; };
		F46D7A5684BC43A5909E272B /* JosefinSans-Thin.ttf in Resources */ = {isa = PBXBuildFile; fileRef = FD9B1332C2EC409385E43792 /* JosefinSans-Thin.ttf */; };
		0F22816220694FE39C2BACC8 /* JosefinSans-ThinItalic.ttf in Resources */ = {isa = PBXBuildFile; fileRef = DC57D1D67DC9401DB54CD3B0 /* JosefinSans-ThinItalic.ttf */; };
		61109FFE613F44879BF5C2C8 /* JosefinSans-VariableFont_wght.ttf in Resources */ = {isa = PBXBuildFile; fileRef = 808DE1F2230445BA94CB6BC6 /* JosefinSans-VariableFont_wght.ttf */; };
		55631E96F9654715BD143BA7 /* KumbhSans-Bold.ttf in Resources */ = {isa = PBXBuildFile; fileRef = 94E74792D51A4CA7B10CD6FB /* KumbhSans-Bold.ttf */; };
		30555BF6361B491CA169CA18 /* KumbhSans-Light.ttf in Resources */ = {isa = PBXBuildFile; fileRef = 86DB339F517F42F0AF7745D8 /* KumbhSans-Light.ttf */; };
		225EA7808CB1495FB6207B4A /* KumbhSans-Regular.ttf in Resources */ = {isa = PBXBuildFile; fileRef = 511568A418954D19B7A4BC0E /* KumbhSans-Regular.ttf */; };
		B7BEFFCBDA5347AC855A20C8 /* Poppins-Black.ttf in Resources */ = {isa = PBXBuildFile; fileRef = 8D5AD4B05D8C4616A5FEA648 /* Poppins-Black.ttf */; };
		2E01D03A67284DF1AC1E7500 /* Poppins-BlackItalic.ttf in Resources */ = {isa = PBXBuildFile; fileRef = 3A7C980F85FA4871A7E696BA /* Poppins-BlackItalic.ttf */; };
		E0AF25FEF0D7490AB8AEDD02 /* Poppins-Bold.ttf in Resources */ = {isa = PBXBuildFile; fileRef = 04C981941786411FAF2E747C /* Poppins-Bold.ttf */; };
		9B6307640FA944A1B55F1D18 /* Poppins-BoldItalic.ttf in Resources */ = {isa = PBXBuildFile; fileRef = 64A42EDB82844C4F897563AD /* Poppins-BoldItalic.ttf */; };
		9CB3A4F6117541F99931057A /* Poppins-ExtraBold.ttf in Resources */ = {isa = PBXBuildFile; fileRef = 42E971638DBA42B38D5DB1AA /* Poppins-ExtraBold.ttf */; };
		87D67385420C4D248B289DE0 /* Poppins-ExtraBoldItalic.ttf in Resources */ = {isa = PBXBuildFile; fileRef = 6BFBDB0F16EB4C8C8E2E0CF0 /* Poppins-ExtraBoldItalic.ttf */; };
		C47FC8EDE71B438590DF3E5C /* Poppins-ExtraLight.ttf in Resources */ = {isa = PBXBuildFile; fileRef = F8D93F671E9B4B2683C1FA7D /* Poppins-ExtraLight.ttf */; };
		939F27590E82439C91B8C9CA /* Poppins-ExtraLightItalic.ttf in Resources */ = {isa = PBXBuildFile; fileRef = 272DF36F0DDF493A9981962B /* Poppins-ExtraLightItalic.ttf */; };
		86BDAFC5922149EF88DD5486 /* Poppins-Italic.ttf in Resources */ = {isa = PBXBuildFile; fileRef = BBAB609D69344C36863D84B3 /* Poppins-Italic.ttf */; };
		C5ABB2188D624A868AD1EA3F /* Poppins-Light.ttf in Resources */ = {isa = PBXBuildFile; fileRef = 01D1E751769C43C8A32D01F0 /* Poppins-Light.ttf */; };
		FBF149E1CDEE4E5EAA34B5CF /* Poppins-LightItalic.ttf in Resources */ = {isa = PBXBuildFile; fileRef = 830C7F3B688A40229C42FE76 /* Poppins-LightItalic.ttf */; };
		9C616DC468784EA39D3527F0 /* Poppins-Medium.ttf in Resources */ = {isa = PBXBuildFile; fileRef = 70C7800EEFB34982A5869D8F /* Poppins-Medium.ttf */; };
		0A899E27441D491C885CEA75 /* Poppins-MediumItalic.ttf in Resources */ = {isa = PBXBuildFile; fileRef = 10D88BD87A17445F941E8738 /* Poppins-MediumItalic.ttf */; };
		795C8592F6194355A8C7462E /* Poppins-Regular.ttf in Resources */ = {isa = PBXBuildFile; fileRef = 110351C3C87849B8AE777015 /* Poppins-Regular.ttf */; };
		3AFF5B0BC00643378DFAF370 /* Poppins-SemiBold.ttf in Resources */ = {isa = PBXBuildFile; fileRef = FBEB8C6D18D54471AD1AD924 /* Poppins-SemiBold.ttf */; };
		F435D5BD55304721AFE23F90 /* Poppins-SemiBoldItalic.ttf in Resources */ = {isa = PBXBuildFile; fileRef = 3D49A6E076944FFA943E345A /* Poppins-SemiBoldItalic.ttf */; };
		70133FF7D41546E5A3FFFADC /* Poppins-Thin.ttf in Resources */ = {isa = PBXBuildFile; fileRef = 5A7EF8848F934B5AB57CEBCF /* Poppins-Thin.ttf */; };
		06CEBCF4E18D4EF5A320662A /* Poppins-ThinItalic.ttf in Resources */ = {isa = PBXBuildFile; fileRef = 1D2C4C07E08A418FB22CD9CC /* Poppins-ThinItalic.ttf */; };
		C4AEF9A467F54DA592576BA1 /* Product Sans Bold 700.ttf in Resources */ = {isa = PBXBuildFile; fileRef = FCEFB65B35FB477B874EB459 /* Product Sans Bold 700.ttf */; };
		8DCF8DD765AD44A38374082C /* Product-Sans-Regular.ttf in Resources */ = {isa = PBXBuildFile; fileRef = 06A6029CFE6A4442B4406D25 /* Product-Sans-Regular.ttf */; };
		467C0BF51C05473EAF56291C /* Quicksand-Bold.ttf in Resources */ = {isa = PBXBuildFile; fileRef = B1276840512E478E84CEA493 /* Quicksand-Bold.ttf */; };
		425CF4322B0E4DF787AE7435 /* Quicksand-Light.ttf in Resources */ = {isa = PBXBuildFile; fileRef = 95B2DC475FC04B068E37CA32 /* Quicksand-Light.ttf */; };
		FA059E2E6CD841B5A6B2260A /* Quicksand-Medium.ttf in Resources */ = {isa = PBXBuildFile; fileRef = D545517047B14E2DA8E82719 /* Quicksand-Medium.ttf */; };
		E1FACCC3701D465F881BCF7E /* Quicksand-Regular.ttf in Resources */ = {isa = PBXBuildFile; fileRef = 802180D6D1814B91AE8437C4 /* Quicksand-Regular.ttf */; };
		3CFAE07E89224823ABEC1A93 /* Quicksand-SemiBold.ttf in Resources */ = {isa = PBXBuildFile; fileRef = 70F2B4CC72D94174A09681EA /* Quicksand-SemiBold.ttf */; };
		DC3B9FE5D396430CAD0CF999 /* Roboto-Black.ttf in Resources */ = {isa = PBXBuildFile; fileRef = CDF4A424FC524CE8898F52C1 /* Roboto-Black.ttf */; };
		B51A9ABE948B4561BDA85F5C /* Roboto-BlackItalic.ttf in Resources */ = {isa = PBXBuildFile; fileRef = 6A90D7C83DF8469BB83EF173 /* Roboto-BlackItalic.ttf */; };
		E91B6337D5054B3692BB22C6 /* Roboto-Bold.ttf in Resources */ = {isa = PBXBuildFile; fileRef = E7EFE0EEBF254FBE996C884D /* Roboto-Bold.ttf */; };
		0AC18A57820F4C3FB5C13CFF /* Roboto-BoldItalic.ttf in Resources */ = {isa = PBXBuildFile; fileRef = 12507008A4744326B3A444A7 /* Roboto-BoldItalic.ttf */; };
		C479A73A7FBC487C982AFBAF /* Roboto-Italic.ttf in Resources */ = {isa = PBXBuildFile; fileRef = 307C4F140DDA4F9B98893EE5 /* Roboto-Italic.ttf */; };
		9F31909749164638B9D72ED6 /* Roboto-Light.ttf in Resources */ = {isa = PBXBuildFile; fileRef = 23432B8335BD44CBB27BC339 /* Roboto-Light.ttf */; };
		6A9A48B8108B4ED2B8E41218 /* Roboto-LightItalic.ttf in Resources */ = {isa = PBXBuildFile; fileRef = B4AA3F1B4C264213A94C924E /* Roboto-LightItalic.ttf */; };
		C496C43294F34BE28D7DBC94 /* Roboto-Medium.ttf in Resources */ = {isa = PBXBuildFile; fileRef = E0E7216D417D41C398F570BB /* Roboto-Medium.ttf */; };
		FF618737CD16402CACA7E2ED /* Roboto-MediumItalic.ttf in Resources */ = {isa = PBXBuildFile; fileRef = 69A2560022F24D50820408D3 /* Roboto-MediumItalic.ttf */; };
		16EA71C7CB3B4F5A93B33BE8 /* Roboto-Regular.ttf in Resources */ = {isa = PBXBuildFile; fileRef = 70006498E50D471785DE7DA8 /* Roboto-Regular.ttf */; };
		37251AFA10D34979B4EB6682 /* Roboto-Thin.ttf in Resources */ = {isa = PBXBuildFile; fileRef = 6FAD37532D9D4796BF3BE828 /* Roboto-Thin.ttf */; };
		05D9AA9689A5480689F744A4 /* Roboto-ThinItalic.ttf in Resources */ = {isa = PBXBuildFile; fileRef = C692AC8E09D94D69A00F5D00 /* Roboto-ThinItalic.ttf */; };
		82B3A309520345DA88D891C0 /* SixCaps-Regular.ttf in Resources */ = {isa = PBXBuildFile; fileRef = D1CA66FA158D4CD2A43068E4 /* SixCaps-Regular.ttf */; };
/* End PBXBuildFile section */

/* Begin PBXContainerItemProxy section */
		00E356F41AD99517003FC87E /* PBXContainerItemProxy */ = {
			isa = PBXContainerItemProxy;
			containerPortal = 83CBB9F71A601CBA00E9B192 /* Project object */;
			proxyType = 1;
			remoteGlobalIDString = 13B07F861A680F5B00A75B9A;
			remoteInfo = MapsMultiView;
		};
		2D02E4911E0B4A5D006451C7 /* PBXContainerItemProxy */ = {
			isa = PBXContainerItemProxy;
			containerPortal = 83CBB9F71A601CBA00E9B192 /* Project object */;
			proxyType = 1;
			remoteGlobalIDString = 2D02E47A1E0B4A5D006451C7;
			remoteInfo = "MapsMultiView-tvOS";
		};
/* End PBXContainerItemProxy section */

/* Begin PBXFileReference section */
		008F07F21AC5B25A0029DE68 /* main.jsbundle */ = {isa = PBXFileReference; fileEncoding = 4; lastKnownFileType = text; path = main.jsbundle; sourceTree = "<group>"; };
		00E356EE1AD99517003FC87E /* MapsMultiViewTests.xctest */ = {isa = PBXFileReference; explicitFileType = wrapper.cfbundle; includeInIndex = 0; path = MapsMultiViewTests.xctest; sourceTree = BUILT_PRODUCTS_DIR; };
		00E356F11AD99517003FC87E /* Info.plist */ = {isa = PBXFileReference; lastKnownFileType = text.plist.xml; path = Info.plist; sourceTree = "<group>"; };
		00E356F21AD99517003FC87E /* MapsMultiViewTests.m */ = {isa = PBXFileReference; lastKnownFileType = sourcecode.c.objc; path = MapsMultiViewTests.m; sourceTree = "<group>"; };
		13B07F961A680F5B00A75B9A /* MapsMultiView.app */ = {isa = PBXFileReference; explicitFileType = wrapper.application; includeInIndex = 0; path = MapsMultiView.app; sourceTree = BUILT_PRODUCTS_DIR; };
		13B07FAF1A68108700A75B9A /* AppDelegate.h */ = {isa = PBXFileReference; fileEncoding = 4; lastKnownFileType = sourcecode.c.h; name = AppDelegate.h; path = MapsMultiView/AppDelegate.h; sourceTree = "<group>"; };
		13B07FB01A68108700A75B9A /* AppDelegate.m */ = {isa = PBXFileReference; fileEncoding = 4; lastKnownFileType = sourcecode.c.objc; name = AppDelegate.m; path = MapsMultiView/AppDelegate.m; sourceTree = "<group>"; };
		13B07FB51A68108700A75B9A /* Images.xcassets */ = {isa = PBXFileReference; lastKnownFileType = folder.assetcatalog; name = Images.xcassets; path = MapsMultiView/Images.xcassets; sourceTree = "<group>"; };
		13B07FB61A68108700A75B9A /* Info.plist */ = {isa = PBXFileReference; fileEncoding = 4; lastKnownFileType = text.plist.xml; name = Info.plist; path = MapsMultiView/Info.plist; sourceTree = "<group>"; };
		13B07FB71A68108700A75B9A /* main.m */ = {isa = PBXFileReference; fileEncoding = 4; lastKnownFileType = sourcecode.c.objc; name = main.m; path = MapsMultiView/main.m; sourceTree = "<group>"; };
		2D02E47B1E0B4A5D006451C7 /* MapsMultiView-tvOS.app */ = {isa = PBXFileReference; explicitFileType = wrapper.application; includeInIndex = 0; path = "MapsMultiView-tvOS.app"; sourceTree = BUILT_PRODUCTS_DIR; };
		2D02E4901E0B4A5D006451C7 /* MapsMultiView-tvOSTests.xctest */ = {isa = PBXFileReference; explicitFileType = wrapper.cfbundle; includeInIndex = 0; path = "MapsMultiView-tvOSTests.xctest"; sourceTree = BUILT_PRODUCTS_DIR; };
		81AB9BB72411601600AC10FF /* LaunchScreen.storyboard */ = {isa = PBXFileReference; fileEncoding = 4; lastKnownFileType = file.storyboard; name = LaunchScreen.storyboard; path = MapsMultiView/LaunchScreen.storyboard; sourceTree = "<group>"; };
		ED297162215061F000B7C4FE /* JavaScriptCore.framework */ = {isa = PBXFileReference; lastKnownFileType = wrapper.framework; name = JavaScriptCore.framework; path = System/Library/Frameworks/JavaScriptCore.framework; sourceTree = SDKROOT; };
		ED2971642150620600B7C4FE /* JavaScriptCore.framework */ = {isa = PBXFileReference; lastKnownFileType = wrapper.framework; name = JavaScriptCore.framework; path = Platforms/AppleTVOS.platform/Developer/SDKs/AppleTVOS12.0.sdk/System/Library/Frameworks/JavaScriptCore.framework; sourceTree = DEVELOPER_DIR; };
		BE1489398F704AB8BF7E0DCB /* JosefinSans-Bold.ttf */ = {isa = PBXFileReference; name = "JosefinSans-Bold.ttf"; path = "../assets/fonts/JosefinSans-Bold.ttf"; sourceTree = "<group>"; fileEncoding = undefined; lastKnownFileType = unknown; explicitFileType = undefined; includeInIndex = 0; };
		35468EC372E14C3090859F27 /* JosefinSans-BoldItalic.ttf */ = {isa = PBXFileReference; name = "JosefinSans-BoldItalic.ttf"; path = "../assets/fonts/JosefinSans-BoldItalic.ttf"; sourceTree = "<group>"; fileEncoding = undefined; lastKnownFileType = unknown; explicitFileType = undefined; includeInIndex = 0; };
		D7CC85667C884271849E65EB /* JosefinSans-ExtraLight.ttf */ = {isa = PBXFileReference; name = "JosefinSans-ExtraLight.ttf"; path = "../assets/fonts/JosefinSans-ExtraLight.ttf"; sourceTree = "<group>"; fileEncoding = undefined; lastKnownFileType = unknown; explicitFileType = undefined; includeInIndex = 0; };
		7600AF50271649F4A1FA8769 /* JosefinSans-ExtraLightItalic.ttf */ = {isa = PBXFileReference; name = "JosefinSans-ExtraLightItalic.ttf"; path = "../assets/fonts/JosefinSans-ExtraLightItalic.ttf"; sourceTree = "<group>"; fileEncoding = undefined; lastKnownFileType = unknown; explicitFileType = undefined; includeInIndex = 0; };
		01ACBA1D979248E0B39556CD /* JosefinSans-Italic-VariableFont_wght.ttf */ = {isa = PBXFileReference; name = "JosefinSans-Italic-VariableFont_wght.ttf"; path = "../assets/fonts/JosefinSans-Italic-VariableFont_wght.ttf"; sourceTree = "<group>"; fileEncoding = undefined; lastKnownFileType = unknown; explicitFileType = undefined; includeInIndex = 0; };
		966EEA5766FB43E897D91977 /* JosefinSans-Italic.ttf */ = {isa = PBXFileReference; name = "JosefinSans-Italic.ttf"; path = "../assets/fonts/JosefinSans-Italic.ttf"; sourceTree = "<group>"; fileEncoding = undefined; lastKnownFileType = unknown; explicitFileType = undefined; includeInIndex = 0; };
		6FB3726BACFA452288094321 /* JosefinSans-Light.ttf */ = {isa = PBXFileReference; name = "JosefinSans-Light.ttf"; path = "../assets/fonts/JosefinSans-Light.ttf"; sourceTree = "<group>"; fileEncoding = undefined; lastKnownFileType = unknown; explicitFileType = undefined; includeInIndex = 0; };
		8D766B19AD4049DEB6F3A648 /* JosefinSans-LightItalic.ttf */ = {isa = PBXFileReference; name = "JosefinSans-LightItalic.ttf"; path = "../assets/fonts/JosefinSans-LightItalic.ttf"; sourceTree = "<group>"; fileEncoding = undefined; lastKnownFileType = unknown; explicitFileType = undefined; includeInIndex = 0; };
		124C9CADB3A346A9A5FBD918 /* JosefinSans-Medium.ttf */ = {isa = PBXFileReference; name = "JosefinSans-Medium.ttf"; path = "../assets/fonts/JosefinSans-Medium.ttf"; sourceTree = "<group>"; fileEncoding = undefined; lastKnownFileType = unknown; explicitFileType = undefined; includeInIndex = 0; };
		20A27B2C1C0F420DBDAE3ADB /* JosefinSans-MediumItalic.ttf */ = {isa = PBXFileReference; name = "JosefinSans-MediumItalic.ttf"; path = "../assets/fonts/JosefinSans-MediumItalic.ttf"; sourceTree = "<group>"; fileEncoding = undefined; lastKnownFileType = unknown; explicitFileType = undefined; includeInIndex = 0; };
		CF7A09130A0C402EB3B817E7 /* JosefinSans-Regular.ttf */ = {isa = PBXFileReference; name = "JosefinSans-Regular.ttf"; path = "../assets/fonts/JosefinSans-Regular.ttf"; sourceTree = "<group>"; fileEncoding = undefined; lastKnownFileType = unknown; explicitFileType = undefined; includeInIndex = 0; };
		8CE255253D98458CBCB32B8E /* JosefinSans-SemiBold.ttf */ = {isa = PBXFileReference; name = "JosefinSans-SemiBold.ttf"; path = "../assets/fonts/JosefinSans-SemiBold.ttf"; sourceTree = "<group>"; fileEncoding = undefined; lastKnownFileType = unknown; explicitFileType = undefined; includeInIndex = 0; };
		B17966050D13454BB7CFAC77 /* JosefinSans-SemiBoldItalic.ttf */ = {isa = PBXFileReference; name = "JosefinSans-SemiBoldItalic.ttf"; path = "../assets/fonts/JosefinSans-SemiBoldItalic.ttf"; sourceTree = "<group>"; fileEncoding = undefined; lastKnownFileType = unknown; explicitFileType = undefined; includeInIndex = 0; };
		FD9B1332C2EC409385E43792 /* JosefinSans-Thin.ttf */ = {isa = PBXFileReference; name = "JosefinSans-Thin.ttf"; path = "../assets/fonts/JosefinSans-Thin.ttf"; sourceTree = "<group>"; fileEncoding = undefined; lastKnownFileType = unknown; explicitFileType = undefined; includeInIndex = 0; };
		DC57D1D67DC9401DB54CD3B0 /* JosefinSans-ThinItalic.ttf */ = {isa = PBXFileReference; name = "JosefinSans-ThinItalic.ttf"; path = "../assets/fonts/JosefinSans-ThinItalic.ttf"; sourceTree = "<group>"; fileEncoding = undefined; lastKnownFileType = unknown; explicitFileType = undefined; includeInIndex = 0; };
		808DE1F2230445BA94CB6BC6 /* JosefinSans-VariableFont_wght.ttf */ = {isa = PBXFileReference; name = "JosefinSans-VariableFont_wght.ttf"; path = "../assets/fonts/JosefinSans-VariableFont_wght.ttf"; sourceTree = "<group>"; fileEncoding = undefined; lastKnownFileType = unknown; explicitFileType = undefined; includeInIndex = 0; };
		94E74792D51A4CA7B10CD6FB /* KumbhSans-Bold.ttf */ = {isa = PBXFileReference; name = "KumbhSans-Bold.ttf"; path = "../assets/fonts/KumbhSans-Bold.ttf"; sourceTree = "<group>"; fileEncoding = undefined; lastKnownFileType = unknown; explicitFileType = undefined; includeInIndex = 0; };
		86DB339F517F42F0AF7745D8 /* KumbhSans-Light.ttf */ = {isa = PBXFileReference; name = "KumbhSans-Light.ttf"; path = "../assets/fonts/KumbhSans-Light.ttf"; sourceTree = "<group>"; fileEncoding = undefined; lastKnownFileType = unknown; explicitFileType = undefined; includeInIndex = 0; };
		511568A418954D19B7A4BC0E /* KumbhSans-Regular.ttf */ = {isa = PBXFileReference; name = "KumbhSans-Regular.ttf"; path = "../assets/fonts/KumbhSans-Regular.ttf"; sourceTree = "<group>"; fileEncoding = undefined; lastKnownFileType = unknown; explicitFileType = undefined; includeInIndex = 0; };
		8D5AD4B05D8C4616A5FEA648 /* Poppins-Black.ttf */ = {isa = PBXFileReference; name = "Poppins-Black.ttf"; path = "../assets/fonts/Poppins-Black.ttf"; sourceTree = "<group>"; fileEncoding = undefined; lastKnownFileType = unknown; explicitFileType = undefined; includeInIndex = 0; };
		3A7C980F85FA4871A7E696BA /* Poppins-BlackItalic.ttf */ = {isa = PBXFileReference; name = "Poppins-BlackItalic.ttf"; path = "../assets/fonts/Poppins-BlackItalic.ttf"; sourceTree = "<group>"; fileEncoding = undefined; lastKnownFileType = unknown; explicitFileType = undefined; includeInIndex = 0; };
		04C981941786411FAF2E747C /* Poppins-Bold.ttf */ = {isa = PBXFileReference; name = "Poppins-Bold.ttf"; path = "../assets/fonts/Poppins-Bold.ttf"; sourceTree = "<group>"; fileEncoding = undefined; lastKnownFileType = unknown; explicitFileType = undefined; includeInIndex = 0; };
		64A42EDB82844C4F897563AD /* Poppins-BoldItalic.ttf */ = {isa = PBXFileReference; name = "Poppins-BoldItalic.ttf"; path = "../assets/fonts/Poppins-BoldItalic.ttf"; sourceTree = "<group>"; fileEncoding = undefined; lastKnownFileType = unknown; explicitFileType = undefined; includeInIndex = 0; };
		42E971638DBA42B38D5DB1AA /* Poppins-ExtraBold.ttf */ = {isa = PBXFileReference; name = "Poppins-ExtraBold.ttf"; path = "../assets/fonts/Poppins-ExtraBold.ttf"; sourceTree = "<group>"; fileEncoding = undefined; lastKnownFileType = unknown; explicitFileType = undefined; includeInIndex = 0; };
		6BFBDB0F16EB4C8C8E2E0CF0 /* Poppins-ExtraBoldItalic.ttf */ = {isa = PBXFileReference; name = "Poppins-ExtraBoldItalic.ttf"; path = "../assets/fonts/Poppins-ExtraBoldItalic.ttf"; sourceTree = "<group>"; fileEncoding = undefined; lastKnownFileType = unknown; explicitFileType = undefined; includeInIndex = 0; };
		F8D93F671E9B4B2683C1FA7D /* Poppins-ExtraLight.ttf */ = {isa = PBXFileReference; name = "Poppins-ExtraLight.ttf"; path = "../assets/fonts/Poppins-ExtraLight.ttf"; sourceTree = "<group>"; fileEncoding = undefined; lastKnownFileType = unknown; explicitFileType = undefined; includeInIndex = 0; };
		272DF36F0DDF493A9981962B /* Poppins-ExtraLightItalic.ttf */ = {isa = PBXFileReference; name = "Poppins-ExtraLightItalic.ttf"; path = "../assets/fonts/Poppins-ExtraLightItalic.ttf"; sourceTree = "<group>"; fileEncoding = undefined; lastKnownFileType = unknown; explicitFileType = undefined; includeInIndex = 0; };
		BBAB609D69344C36863D84B3 /* Poppins-Italic.ttf */ = {isa = PBXFileReference; name = "Poppins-Italic.ttf"; path = "../assets/fonts/Poppins-Italic.ttf"; sourceTree = "<group>"; fileEncoding = undefined; lastKnownFileType = unknown; explicitFileType = undefined; includeInIndex = 0; };
		01D1E751769C43C8A32D01F0 /* Poppins-Light.ttf */ = {isa = PBXFileReference; name = "Poppins-Light.ttf"; path = "../assets/fonts/Poppins-Light.ttf"; sourceTree = "<group>"; fileEncoding = undefined; lastKnownFileType = unknown; explicitFileType = undefined; includeInIndex = 0; };
		830C7F3B688A40229C42FE76 /* Poppins-LightItalic.ttf */ = {isa = PBXFileReference; name = "Poppins-LightItalic.ttf"; path = "../assets/fonts/Poppins-LightItalic.ttf"; sourceTree = "<group>"; fileEncoding = undefined; lastKnownFileType = unknown; explicitFileType = undefined; includeInIndex = 0; };
		70C7800EEFB34982A5869D8F /* Poppins-Medium.ttf */ = {isa = PBXFileReference; name = "Poppins-Medium.ttf"; path = "../assets/fonts/Poppins-Medium.ttf"; sourceTree = "<group>"; fileEncoding = undefined; lastKnownFileType = unknown; explicitFileType = undefined; includeInIndex = 0; };
		10D88BD87A17445F941E8738 /* Poppins-MediumItalic.ttf */ = {isa = PBXFileReference; name = "Poppins-MediumItalic.ttf"; path = "../assets/fonts/Poppins-MediumItalic.ttf"; sourceTree = "<group>"; fileEncoding = undefined; lastKnownFileType = unknown; explicitFileType = undefined; includeInIndex = 0; };
		110351C3C87849B8AE777015 /* Poppins-Regular.ttf */ = {isa = PBXFileReference; name = "Poppins-Regular.ttf"; path = "../assets/fonts/Poppins-Regular.ttf"; sourceTree = "<group>"; fileEncoding = undefined; lastKnownFileType = unknown; explicitFileType = undefined; includeInIndex = 0; };
		FBEB8C6D18D54471AD1AD924 /* Poppins-SemiBold.ttf */ = {isa = PBXFileReference; name = "Poppins-SemiBold.ttf"; path = "../assets/fonts/Poppins-SemiBold.ttf"; sourceTree = "<group>"; fileEncoding = undefined; lastKnownFileType = unknown; explicitFileType = undefined; includeInIndex = 0; };
		3D49A6E076944FFA943E345A /* Poppins-SemiBoldItalic.ttf */ = {isa = PBXFileReference; name = "Poppins-SemiBoldItalic.ttf"; path = "../assets/fonts/Poppins-SemiBoldItalic.ttf"; sourceTree = "<group>"; fileEncoding = undefined; lastKnownFileType = unknown; explicitFileType = undefined; includeInIndex = 0; };
		5A7EF8848F934B5AB57CEBCF /* Poppins-Thin.ttf */ = {isa = PBXFileReference; name = "Poppins-Thin.ttf"; path = "../assets/fonts/Poppins-Thin.ttf"; sourceTree = "<group>"; fileEncoding = undefined; lastKnownFileType = unknown; explicitFileType = undefined; includeInIndex = 0; };
		1D2C4C07E08A418FB22CD9CC /* Poppins-ThinItalic.ttf */ = {isa = PBXFileReference; name = "Poppins-ThinItalic.ttf"; path = "../assets/fonts/Poppins-ThinItalic.ttf"; sourceTree = "<group>"; fileEncoding = undefined; lastKnownFileType = unknown; explicitFileType = undefined; includeInIndex = 0; };
		FCEFB65B35FB477B874EB459 /* Product Sans Bold 700.ttf */ = {isa = PBXFileReference; name = "Product Sans Bold 700.ttf"; path = "../assets/fonts/Product Sans Bold 700.ttf"; sourceTree = "<group>"; fileEncoding = undefined; lastKnownFileType = unknown; explicitFileType = undefined; includeInIndex = 0; };
		06A6029CFE6A4442B4406D25 /* Product-Sans-Regular.ttf */ = {isa = PBXFileReference; name = "Product-Sans-Regular.ttf"; path = "../assets/fonts/Product-Sans-Regular.ttf"; sourceTree = "<group>"; fileEncoding = undefined; lastKnownFileType = unknown; explicitFileType = undefined; includeInIndex = 0; };
		B1276840512E478E84CEA493 /* Quicksand-Bold.ttf */ = {isa = PBXFileReference; name = "Quicksand-Bold.ttf"; path = "../assets/fonts/Quicksand-Bold.ttf"; sourceTree = "<group>"; fileEncoding = undefined; lastKnownFileType = unknown; explicitFileType = undefined; includeInIndex = 0; };
		95B2DC475FC04B068E37CA32 /* Quicksand-Light.ttf */ = {isa = PBXFileReference; name = "Quicksand-Light.ttf"; path = "../assets/fonts/Quicksand-Light.ttf"; sourceTree = "<group>"; fileEncoding = undefined; lastKnownFileType = unknown; explicitFileType = undefined; includeInIndex = 0; };
		D545517047B14E2DA8E82719 /* Quicksand-Medium.ttf */ = {isa = PBXFileReference; name = "Quicksand-Medium.ttf"; path = "../assets/fonts/Quicksand-Medium.ttf"; sourceTree = "<group>"; fileEncoding = undefined; lastKnownFileType = unknown; explicitFileType = undefined; includeInIndex = 0; };
		802180D6D1814B91AE8437C4 /* Quicksand-Regular.ttf */ = {isa = PBXFileReference; name = "Quicksand-Regular.ttf"; path = "../assets/fonts/Quicksand-Regular.ttf"; sourceTree = "<group>"; fileEncoding = undefined; lastKnownFileType = unknown; explicitFileType = undefined; includeInIndex = 0; };
		70F2B4CC72D94174A09681EA /* Quicksand-SemiBold.ttf */ = {isa = PBXFileReference; name = "Quicksand-SemiBold.ttf"; path = "../assets/fonts/Quicksand-SemiBold.ttf"; sourceTree = "<group>"; fileEncoding = undefined; lastKnownFileType = unknown; explicitFileType = undefined; includeInIndex = 0; };
		CDF4A424FC524CE8898F52C1 /* Roboto-Black.ttf */ = {isa = PBXFileReference; name = "Roboto-Black.ttf"; path = "../assets/fonts/Roboto-Black.ttf"; sourceTree = "<group>"; fileEncoding = undefined; lastKnownFileType = unknown; explicitFileType = undefined; includeInIndex = 0; };
		6A90D7C83DF8469BB83EF173 /* Roboto-BlackItalic.ttf */ = {isa = PBXFileReference; name = "Roboto-BlackItalic.ttf"; path = "../assets/fonts/Roboto-BlackItalic.ttf"; sourceTree = "<group>"; fileEncoding = undefined; lastKnownFileType = unknown; explicitFileType = undefined; includeInIndex = 0; };
		E7EFE0EEBF254FBE996C884D /* Roboto-Bold.ttf */ = {isa = PBXFileReference; name = "Roboto-Bold.ttf"; path = "../assets/fonts/Roboto-Bold.ttf"; sourceTree = "<group>"; fileEncoding = undefined; lastKnownFileType = unknown; explicitFileType = undefined; includeInIndex = 0; };
		12507008A4744326B3A444A7 /* Roboto-BoldItalic.ttf */ = {isa = PBXFileReference; name = "Roboto-BoldItalic.ttf"; path = "../assets/fonts/Roboto-BoldItalic.ttf"; sourceTree = "<group>"; fileEncoding = undefined; lastKnownFileType = unknown; explicitFileType = undefined; includeInIndex = 0; };
		307C4F140DDA4F9B98893EE5 /* Roboto-Italic.ttf */ = {isa = PBXFileReference; name = "Roboto-Italic.ttf"; path = "../assets/fonts/Roboto-Italic.ttf"; sourceTree = "<group>"; fileEncoding = undefined; lastKnownFileType = unknown; explicitFileType = undefined; includeInIndex = 0; };
		23432B8335BD44CBB27BC339 /* Roboto-Light.ttf */ = {isa = PBXFileReference; name = "Roboto-Light.ttf"; path = "../assets/fonts/Roboto-Light.ttf"; sourceTree = "<group>"; fileEncoding = undefined; lastKnownFileType = unknown; explicitFileType = undefined; includeInIndex = 0; };
		B4AA3F1B4C264213A94C924E /* Roboto-LightItalic.ttf */ = {isa = PBXFileReference; name = "Roboto-LightItalic.ttf"; path = "../assets/fonts/Roboto-LightItalic.ttf"; sourceTree = "<group>"; fileEncoding = undefined; lastKnownFileType = unknown; explicitFileType = undefined; includeInIndex = 0; };
		E0E7216D417D41C398F570BB /* Roboto-Medium.ttf */ = {isa = PBXFileReference; name = "Roboto-Medium.ttf"; path = "../assets/fonts/Roboto-Medium.ttf"; sourceTree = "<group>"; fileEncoding = undefined; lastKnownFileType = unknown; explicitFileType = undefined; includeInIndex = 0; };
		69A2560022F24D50820408D3 /* Roboto-MediumItalic.ttf */ = {isa = PBXFileReference; name = "Roboto-MediumItalic.ttf"; path = "../assets/fonts/Roboto-MediumItalic.ttf"; sourceTree = "<group>"; fileEncoding = undefined; lastKnownFileType = unknown; explicitFileType = undefined; includeInIndex = 0; };
		70006498E50D471785DE7DA8 /* Roboto-Regular.ttf */ = {isa = PBXFileReference; name = "Roboto-Regular.ttf"; path = "../assets/fonts/Roboto-Regular.ttf"; sourceTree = "<group>"; fileEncoding = undefined; lastKnownFileType = unknown; explicitFileType = undefined; includeInIndex = 0; };
		6FAD37532D9D4796BF3BE828 /* Roboto-Thin.ttf */ = {isa = PBXFileReference; name = "Roboto-Thin.ttf"; path = "../assets/fonts/Roboto-Thin.ttf"; sourceTree = "<group>"; fileEncoding = undefined; lastKnownFileType = unknown; explicitFileType = undefined; includeInIndex = 0; };
		C692AC8E09D94D69A00F5D00 /* Roboto-ThinItalic.ttf */ = {isa = PBXFileReference; name = "Roboto-ThinItalic.ttf"; path = "../assets/fonts/Roboto-ThinItalic.ttf"; sourceTree = "<group>"; fileEncoding = undefined; lastKnownFileType = unknown; explicitFileType = undefined; includeInIndex = 0; };
		D1CA66FA158D4CD2A43068E4 /* SixCaps-Regular.ttf */ = {isa = PBXFileReference; name = "SixCaps-Regular.ttf"; path = "../assets/fonts/SixCaps-Regular.ttf"; sourceTree = "<group>"; fileEncoding = undefined; lastKnownFileType = unknown; explicitFileType = undefined; includeInIndex = 0; };
/* End PBXFileReference section */

/* Begin PBXFrameworksBuildPhase section */
		00E356EB1AD99517003FC87E /* Frameworks */ = {
			isa = PBXFrameworksBuildPhase;
			buildActionMask = 2147483647;
			files = (
			);
			runOnlyForDeploymentPostprocessing = 0;
		};
		13B07F8C1A680F5B00A75B9A /* Frameworks */ = {
			isa = PBXFrameworksBuildPhase;
			buildActionMask = 2147483647;
			files = (
			);
			runOnlyForDeploymentPostprocessing = 0;
		};
		2D02E4781E0B4A5D006451C7 /* Frameworks */ = {
			isa = PBXFrameworksBuildPhase;
			buildActionMask = 2147483647;
			files = (
			);
			runOnlyForDeploymentPostprocessing = 0;
		};
		2D02E48D1E0B4A5D006451C7 /* Frameworks */ = {
			isa = PBXFrameworksBuildPhase;
			buildActionMask = 2147483647;
			files = (
			);
			runOnlyForDeploymentPostprocessing = 0;
		};
/* End PBXFrameworksBuildPhase section */

/* Begin PBXGroup section */
		00E356EF1AD99517003FC87E /* MapsMultiViewTests */ = {
			isa = PBXGroup;
			children = (
				00E356F21AD99517003FC87E /* MapsMultiViewTests.m */,
				00E356F01AD99517003FC87E /* Supporting Files */,
			);
			path = MapsMultiViewTests;
			sourceTree = "<group>";
		};
		00E356F01AD99517003FC87E /* Supporting Files */ = {
			isa = PBXGroup;
			children = (
				00E356F11AD99517003FC87E /* Info.plist */,
			);
			name = "Supporting Files";
			sourceTree = "<group>";
		};
		13B07FAE1A68108700A75B9A /* MapsMultiView */ = {
			isa = PBXGroup;
			children = (
				008F07F21AC5B25A0029DE68 /* main.jsbundle */,
				13B07FAF1A68108700A75B9A /* AppDelegate.h */,
				13B07FB01A68108700A75B9A /* AppDelegate.m */,
				13B07FB51A68108700A75B9A /* Images.xcassets */,
				13B07FB61A68108700A75B9A /* Info.plist */,
				81AB9BB72411601600AC10FF /* LaunchScreen.storyboard */,
				13B07FB71A68108700A75B9A /* main.m */,
			);
			name = MapsMultiView;
			sourceTree = "<group>";
		};
		2D16E6871FA4F8E400B85C8A /* Frameworks */ = {
			isa = PBXGroup;
			children = (
				ED297162215061F000B7C4FE /* JavaScriptCore.framework */,
				ED2971642150620600B7C4FE /* JavaScriptCore.framework */,
			);
			name = Frameworks;
			sourceTree = "<group>";
		};
		832341AE1AAA6A7D00B99B32 /* Libraries */ = {
			isa = PBXGroup;
			children = (
			);
			name = Libraries;
			sourceTree = "<group>";
		};
		83CBB9F61A601CBA00E9B192 = {
			isa = PBXGroup;
			children = (
				13B07FAE1A68108700A75B9A /* MapsMultiView */,
				832341AE1AAA6A7D00B99B32 /* Libraries */,
				00E356EF1AD99517003FC87E /* MapsMultiViewTests */,
				83CBBA001A601CBA00E9B192 /* Products */,
				2D16E6871FA4F8E400B85C8A /* Frameworks */,
				62C1C019245240A9AC5DC1A5 /* Resources */,
			);
			indentWidth = 2;
			sourceTree = "<group>";
			tabWidth = 2;
			usesTabs = 0;
		};
		83CBBA001A601CBA00E9B192 /* Products */ = {
			isa = PBXGroup;
			children = (
				13B07F961A680F5B00A75B9A /* MapsMultiView.app */,
				00E356EE1AD99517003FC87E /* MapsMultiViewTests.xctest */,
				2D02E47B1E0B4A5D006451C7 /* MapsMultiView-tvOS.app */,
				2D02E4901E0B4A5D006451C7 /* MapsMultiView-tvOSTests.xctest */,
			);
			name = Products;
			sourceTree = "<group>";
		};
		62C1C019245240A9AC5DC1A5 /* Resources */ = {
			isa = "PBXGroup";
			children = (
				BE1489398F704AB8BF7E0DCB /* JosefinSans-Bold.ttf */,
				35468EC372E14C3090859F27 /* JosefinSans-BoldItalic.ttf */,
				D7CC85667C884271849E65EB /* JosefinSans-ExtraLight.ttf */,
				7600AF50271649F4A1FA8769 /* JosefinSans-ExtraLightItalic.ttf */,
				01ACBA1D979248E0B39556CD /* JosefinSans-Italic-VariableFont_wght.ttf */,
				966EEA5766FB43E897D91977 /* JosefinSans-Italic.ttf */,
				6FB3726BACFA452288094321 /* JosefinSans-Light.ttf */,
				8D766B19AD4049DEB6F3A648 /* JosefinSans-LightItalic.ttf */,
				124C9CADB3A346A9A5FBD918 /* JosefinSans-Medium.ttf */,
				20A27B2C1C0F420DBDAE3ADB /* JosefinSans-MediumItalic.ttf */,
				CF7A09130A0C402EB3B817E7 /* JosefinSans-Regular.ttf */,
				8CE255253D98458CBCB32B8E /* JosefinSans-SemiBold.ttf */,
				B17966050D13454BB7CFAC77 /* JosefinSans-SemiBoldItalic.ttf */,
				FD9B1332C2EC409385E43792 /* JosefinSans-Thin.ttf */,
				DC57D1D67DC9401DB54CD3B0 /* JosefinSans-ThinItalic.ttf */,
				808DE1F2230445BA94CB6BC6 /* JosefinSans-VariableFont_wght.ttf */,
				94E74792D51A4CA7B10CD6FB /* KumbhSans-Bold.ttf */,
				86DB339F517F42F0AF7745D8 /* KumbhSans-Light.ttf */,
				511568A418954D19B7A4BC0E /* KumbhSans-Regular.ttf */,
				8D5AD4B05D8C4616A5FEA648 /* Poppins-Black.ttf */,
				3A7C980F85FA4871A7E696BA /* Poppins-BlackItalic.ttf */,
				04C981941786411FAF2E747C /* Poppins-Bold.ttf */,
				64A42EDB82844C4F897563AD /* Poppins-BoldItalic.ttf */,
				42E971638DBA42B38D5DB1AA /* Poppins-ExtraBold.ttf */,
				6BFBDB0F16EB4C8C8E2E0CF0 /* Poppins-ExtraBoldItalic.ttf */,
				F8D93F671E9B4B2683C1FA7D /* Poppins-ExtraLight.ttf */,
				272DF36F0DDF493A9981962B /* Poppins-ExtraLightItalic.ttf */,
				BBAB609D69344C36863D84B3 /* Poppins-Italic.ttf */,
				01D1E751769C43C8A32D01F0 /* Poppins-Light.ttf */,
				830C7F3B688A40229C42FE76 /* Poppins-LightItalic.ttf */,
				70C7800EEFB34982A5869D8F /* Poppins-Medium.ttf */,
				10D88BD87A17445F941E8738 /* Poppins-MediumItalic.ttf */,
				110351C3C87849B8AE777015 /* Poppins-Regular.ttf */,
				FBEB8C6D18D54471AD1AD924 /* Poppins-SemiBold.ttf */,
				3D49A6E076944FFA943E345A /* Poppins-SemiBoldItalic.ttf */,
				5A7EF8848F934B5AB57CEBCF /* Poppins-Thin.ttf */,
				1D2C4C07E08A418FB22CD9CC /* Poppins-ThinItalic.ttf */,
				FCEFB65B35FB477B874EB459 /* Product Sans Bold 700.ttf */,
				06A6029CFE6A4442B4406D25 /* Product-Sans-Regular.ttf */,
				B1276840512E478E84CEA493 /* Quicksand-Bold.ttf */,
				95B2DC475FC04B068E37CA32 /* Quicksand-Light.ttf */,
				D545517047B14E2DA8E82719 /* Quicksand-Medium.ttf */,
				802180D6D1814B91AE8437C4 /* Quicksand-Regular.ttf */,
				70F2B4CC72D94174A09681EA /* Quicksand-SemiBold.ttf */,
				CDF4A424FC524CE8898F52C1 /* Roboto-Black.ttf */,
				6A90D7C83DF8469BB83EF173 /* Roboto-BlackItalic.ttf */,
				E7EFE0EEBF254FBE996C884D /* Roboto-Bold.ttf */,
				12507008A4744326B3A444A7 /* Roboto-BoldItalic.ttf */,
				307C4F140DDA4F9B98893EE5 /* Roboto-Italic.ttf */,
				23432B8335BD44CBB27BC339 /* Roboto-Light.ttf */,
				B4AA3F1B4C264213A94C924E /* Roboto-LightItalic.ttf */,
				E0E7216D417D41C398F570BB /* Roboto-Medium.ttf */,
				69A2560022F24D50820408D3 /* Roboto-MediumItalic.ttf */,
				70006498E50D471785DE7DA8 /* Roboto-Regular.ttf */,
				6FAD37532D9D4796BF3BE828 /* Roboto-Thin.ttf */,
				C692AC8E09D94D69A00F5D00 /* Roboto-ThinItalic.ttf */,
				D1CA66FA158D4CD2A43068E4 /* SixCaps-Regular.ttf */,
			);
			name = Resources;
			sourceTree = "<group>";
			path = "";
		};
/* End PBXGroup section */

/* Begin PBXNativeTarget section */
		00E356ED1AD99517003FC87E /* MapsMultiViewTests */ = {
			isa = PBXNativeTarget;
			buildConfigurationList = 00E357021AD99517003FC87E /* Build configuration list for PBXNativeTarget "MapsMultiViewTests" */;
			buildPhases = (
				00E356EA1AD99517003FC87E /* Sources */,
				00E356EB1AD99517003FC87E /* Frameworks */,
				00E356EC1AD99517003FC87E /* Resources */,
			);
			buildRules = (
			);
			dependencies = (
				00E356F51AD99517003FC87E /* PBXTargetDependency */,
			);
			name = MapsMultiViewTests;
			productName = MapsMultiViewTests;
			productReference = 00E356EE1AD99517003FC87E /* MapsMultiViewTests.xctest */;
			productType = "com.apple.product-type.bundle.unit-test";
		};
		13B07F861A680F5B00A75B9A /* MapsMultiView */ = {
			isa = PBXNativeTarget;
			buildConfigurationList = 13B07F931A680F5B00A75B9A /* Build configuration list for PBXNativeTarget "MapsMultiView" */;
			buildPhases = (
				FD10A7F022414F080027D42C /* Start Packager */,
				13B07F871A680F5B00A75B9A /* Sources */,
				13B07F8C1A680F5B00A75B9A /* Frameworks */,
				13B07F8E1A680F5B00A75B9A /* Resources */,
				00DD1BFF1BD5951E006B06BC /* Bundle React Native code and images */,
			);
			buildRules = (
			);
			dependencies = (
			);
			name = MapsMultiView;
			productName = MapsMultiView;
			productReference = 13B07F961A680F5B00A75B9A /* MapsMultiView.app */;
			productType = "com.apple.product-type.application";
		};
		2D02E47A1E0B4A5D006451C7 /* MapsMultiView-tvOS */ = {
			isa = PBXNativeTarget;
			buildConfigurationList = 2D02E4BA1E0B4A5E006451C7 /* Build configuration list for PBXNativeTarget "MapsMultiView-tvOS" */;
			buildPhases = (
				FD10A7F122414F3F0027D42C /* Start Packager */,
				2D02E4771E0B4A5D006451C7 /* Sources */,
				2D02E4781E0B4A5D006451C7 /* Frameworks */,
				2D02E4791E0B4A5D006451C7 /* Resources */,
				2D02E4CB1E0B4B27006451C7 /* Bundle React Native Code And Images */,
			);
			buildRules = (
			);
			dependencies = (
			);
			name = "MapsMultiView-tvOS";
			productName = "MapsMultiView-tvOS";
			productReference = 2D02E47B1E0B4A5D006451C7 /* MapsMultiView-tvOS.app */;
			productType = "com.apple.product-type.application";
		};
		2D02E48F1E0B4A5D006451C7 /* MapsMultiView-tvOSTests */ = {
			isa = PBXNativeTarget;
			buildConfigurationList = 2D02E4BB1E0B4A5E006451C7 /* Build configuration list for PBXNativeTarget "MapsMultiView-tvOSTests" */;
			buildPhases = (
				2D02E48C1E0B4A5D006451C7 /* Sources */,
				2D02E48D1E0B4A5D006451C7 /* Frameworks */,
				2D02E48E1E0B4A5D006451C7 /* Resources */,
			);
			buildRules = (
			);
			dependencies = (
				2D02E4921E0B4A5D006451C7 /* PBXTargetDependency */,
			);
			name = "MapsMultiView-tvOSTests";
			productName = "MapsMultiView-tvOSTests";
			productReference = 2D02E4901E0B4A5D006451C7 /* MapsMultiView-tvOSTests.xctest */;
			productType = "com.apple.product-type.bundle.unit-test";
		};
/* End PBXNativeTarget section */

/* Begin PBXProject section */
		83CBB9F71A601CBA00E9B192 /* Project object */ = {
			isa = PBXProject;
			attributes = {
				LastUpgradeCheck = 1130;
				TargetAttributes = {
					00E356ED1AD99517003FC87E = {
						CreatedOnToolsVersion = 6.2;
						TestTargetID = 13B07F861A680F5B00A75B9A;
					};
					13B07F861A680F5B00A75B9A = {
						LastSwiftMigration = 1120;
					};
					2D02E47A1E0B4A5D006451C7 = {
						CreatedOnToolsVersion = 8.2.1;
						ProvisioningStyle = Automatic;
					};
					2D02E48F1E0B4A5D006451C7 = {
						CreatedOnToolsVersion = 8.2.1;
						ProvisioningStyle = Automatic;
						TestTargetID = 2D02E47A1E0B4A5D006451C7;
					};
				};
			};
			buildConfigurationList = 83CBB9FA1A601CBA00E9B192 /* Build configuration list for PBXProject "MapsMultiView" */;
			compatibilityVersion = "Xcode 3.2";
			developmentRegion = en;
			hasScannedForEncodings = 0;
			knownRegions = (
				en,
				Base,
			);
			mainGroup = 83CBB9F61A601CBA00E9B192;
			productRefGroup = 83CBBA001A601CBA00E9B192 /* Products */;
			projectDirPath = "";
			projectRoot = "";
			targets = (
				13B07F861A680F5B00A75B9A /* MapsMultiView */,
				00E356ED1AD99517003FC87E /* MapsMultiViewTests */,
				2D02E47A1E0B4A5D006451C7 /* MapsMultiView-tvOS */,
				2D02E48F1E0B4A5D006451C7 /* MapsMultiView-tvOSTests */,
			);
		};
/* End PBXProject section */

/* Begin PBXResourcesBuildPhase section */
		00E356EC1AD99517003FC87E /* Resources */ = {
			isa = PBXResourcesBuildPhase;
			buildActionMask = 2147483647;
			files = (
			);
			runOnlyForDeploymentPostprocessing = 0;
		};
		13B07F8E1A680F5B00A75B9A /* Resources */ = {
			isa = PBXResourcesBuildPhase;
			buildActionMask = 2147483647;
			files = (
				81AB9BB82411601600AC10FF /* LaunchScreen.storyboard in Resources */,
				13B07FBF1A68108700A75B9A /* Images.xcassets in Resources */,
				05E1B20BDA2148CA96FA765B /* JosefinSans-Bold.ttf in Resources */,
				273F294CDAE04A6594C1604A /* JosefinSans-BoldItalic.ttf in Resources */,
				8DF527FAC0A3499DB33B87CF /* JosefinSans-ExtraLight.ttf in Resources */,
				9D51B08BADBC47A2A6E1D12D /* JosefinSans-ExtraLightItalic.ttf in Resources */,
				3A575C30EEC44E0BB096AF69 /* JosefinSans-Italic-VariableFont_wght.ttf in Resources */,
				3CC2C3FA12A845CFBE8D2B4C /* JosefinSans-Italic.ttf in Resources */,
				BC7266812CF84D3EB22CD13A /* JosefinSans-Light.ttf in Resources */,
				F09D582A1F4844929CA20F61 /* JosefinSans-LightItalic.ttf in Resources */,
				BB3093178E35487598B36BC1 /* JosefinSans-Medium.ttf in Resources */,
				491D84A897B0419DA13806E1 /* JosefinSans-MediumItalic.ttf in Resources */,
				92226BB1992B42CAB36DC699 /* JosefinSans-Regular.ttf in Resources */,
				4E5C2A024501452A90EE3175 /* JosefinSans-SemiBold.ttf in Resources */,
				030F2D5C1D254C959CDA0DAA /* JosefinSans-SemiBoldItalic.ttf in Resources */,
				F46D7A5684BC43A5909E272B /* JosefinSans-Thin.ttf in Resources */,
				0F22816220694FE39C2BACC8 /* JosefinSans-ThinItalic.ttf in Resources */,
				61109FFE613F44879BF5C2C8 /* JosefinSans-VariableFont_wght.ttf in Resources */,
				55631E96F9654715BD143BA7 /* KumbhSans-Bold.ttf in Resources */,
				30555BF6361B491CA169CA18 /* KumbhSans-Light.ttf in Resources */,
				225EA7808CB1495FB6207B4A /* KumbhSans-Regular.ttf in Resources */,
				B7BEFFCBDA5347AC855A20C8 /* Poppins-Black.ttf in Resources */,
				2E01D03A67284DF1AC1E7500 /* Poppins-BlackItalic.ttf in Resources */,
				E0AF25FEF0D7490AB8AEDD02 /* Poppins-Bold.ttf in Resources */,
				9B6307640FA944A1B55F1D18 /* Poppins-BoldItalic.ttf in Resources */,
				9CB3A4F6117541F99931057A /* Poppins-ExtraBold.ttf in Resources */,
				87D67385420C4D248B289DE0 /* Poppins-ExtraBoldItalic.ttf in Resources */,
				C47FC8EDE71B438590DF3E5C /* Poppins-ExtraLight.ttf in Resources */,
				939F27590E82439C91B8C9CA /* Poppins-ExtraLightItalic.ttf in Resources */,
				86BDAFC5922149EF88DD5486 /* Poppins-Italic.ttf in Resources */,
				C5ABB2188D624A868AD1EA3F /* Poppins-Light.ttf in Resources */,
				FBF149E1CDEE4E5EAA34B5CF /* Poppins-LightItalic.ttf in Resources */,
				9C616DC468784EA39D3527F0 /* Poppins-Medium.ttf in Resources */,
				0A899E27441D491C885CEA75 /* Poppins-MediumItalic.ttf in Resources */,
				795C8592F6194355A8C7462E /* Poppins-Regular.ttf in Resources */,
				3AFF5B0BC00643378DFAF370 /* Poppins-SemiBold.ttf in Resources */,
				F435D5BD55304721AFE23F90 /* Poppins-SemiBoldItalic.ttf in Resources */,
				70133FF7D41546E5A3FFFADC /* Poppins-Thin.ttf in Resources */,
				06CEBCF4E18D4EF5A320662A /* Poppins-ThinItalic.ttf in Resources */,
				C4AEF9A467F54DA592576BA1 /* Product Sans Bold 700.ttf in Resources */,
				8DCF8DD765AD44A38374082C /* Product-Sans-Regular.ttf in Resources */,
				467C0BF51C05473EAF56291C /* Quicksand-Bold.ttf in Resources */,
				425CF4322B0E4DF787AE7435 /* Quicksand-Light.ttf in Resources */,
				FA059E2E6CD841B5A6B2260A /* Quicksand-Medium.ttf in Resources */,
				E1FACCC3701D465F881BCF7E /* Quicksand-Regular.ttf in Resources */,
				3CFAE07E89224823ABEC1A93 /* Quicksand-SemiBold.ttf in Resources */,
				DC3B9FE5D396430CAD0CF999 /* Roboto-Black.ttf in Resources */,
				B51A9ABE948B4561BDA85F5C /* Roboto-BlackItalic.ttf in Resources */,
				E91B6337D5054B3692BB22C6 /* Roboto-Bold.ttf in Resources */,
				0AC18A57820F4C3FB5C13CFF /* Roboto-BoldItalic.ttf in Resources */,
				C479A73A7FBC487C982AFBAF /* Roboto-Italic.ttf in Resources */,
				9F31909749164638B9D72ED6 /* Roboto-Light.ttf in Resources */,
				6A9A48B8108B4ED2B8E41218 /* Roboto-LightItalic.ttf in Resources */,
				C496C43294F34BE28D7DBC94 /* Roboto-Medium.ttf in Resources */,
				FF618737CD16402CACA7E2ED /* Roboto-MediumItalic.ttf in Resources */,
				16EA71C7CB3B4F5A93B33BE8 /* Roboto-Regular.ttf in Resources */,
				37251AFA10D34979B4EB6682 /* Roboto-Thin.ttf in Resources */,
				05D9AA9689A5480689F744A4 /* Roboto-ThinItalic.ttf in Resources */,
				82B3A309520345DA88D891C0 /* SixCaps-Regular.ttf in Resources */,
			);
			runOnlyForDeploymentPostprocessing = 0;
		};
		2D02E4791E0B4A5D006451C7 /* Resources */ = {
			isa = PBXResourcesBuildPhase;
			buildActionMask = 2147483647;
			files = (
				2D02E4BD1E0B4A84006451C7 /* Images.xcassets in Resources */,
			);
			runOnlyForDeploymentPostprocessing = 0;
		};
		2D02E48E1E0B4A5D006451C7 /* Resources */ = {
			isa = PBXResourcesBuildPhase;
			buildActionMask = 2147483647;
			files = (
			);
			runOnlyForDeploymentPostprocessing = 0;
		};
/* End PBXResourcesBuildPhase section */

/* Begin PBXShellScriptBuildPhase section */
		00DD1BFF1BD5951E006B06BC /* Bundle React Native code and images */ = {
			isa = PBXShellScriptBuildPhase;
			buildActionMask = 2147483647;
			files = (
			);
			inputPaths = (
			);
			name = "Bundle React Native code and images";
			outputPaths = (
			);
			runOnlyForDeploymentPostprocessing = 0;
			shellPath = /bin/sh;
			shellScript = "export NODE_BINARY=node\n../node_modules/react-native/scripts/react-native-xcode.sh";
		};
		2D02E4CB1E0B4B27006451C7 /* Bundle React Native Code And Images */ = {
			isa = PBXShellScriptBuildPhase;
			buildActionMask = 2147483647;
			files = (
			);
			inputPaths = (
			);
			name = "Bundle React Native Code And Images";
			outputPaths = (
			);
			runOnlyForDeploymentPostprocessing = 0;
			shellPath = /bin/sh;
			shellScript = "export NODE_BINARY=node\n../node_modules/react-native/scripts/react-native-xcode.sh";
		};
		FD10A7F022414F080027D42C /* Start Packager */ = {
			isa = PBXShellScriptBuildPhase;
			buildActionMask = 2147483647;
			files = (
			);
			inputFileListPaths = (
			);
			inputPaths = (
			);
			name = "Start Packager";
			outputFileListPaths = (
			);
			outputPaths = (
			);
			runOnlyForDeploymentPostprocessing = 0;
			shellPath = /bin/sh;
			shellScript = "export RCT_METRO_PORT=\"${RCT_METRO_PORT:=8081}\"\necho \"export RCT_METRO_PORT=${RCT_METRO_PORT}\" > \"${SRCROOT}/../node_modules/react-native/scripts/.packager.env\"\nif [ -z \"${RCT_NO_LAUNCH_PACKAGER+xxx}\" ] ; then\n  if nc -w 5 -z localhost ${RCT_METRO_PORT} ; then\n    if ! curl -s \"http://localhost:${RCT_METRO_PORT}/status\" | grep -q \"packager-status:running\" ; then\n      echo \"Port ${RCT_METRO_PORT} already in use, packager is either not running or not running correctly\"\n      exit 2\n    fi\n  else\n    open \"$SRCROOT/../node_modules/react-native/scripts/launchPackager.command\" || echo \"Can't start packager automatically\"\n  fi\nfi\n";
			showEnvVarsInLog = 0;
		};
		FD10A7F122414F3F0027D42C /* Start Packager */ = {
			isa = PBXShellScriptBuildPhase;
			buildActionMask = 2147483647;
			files = (
			);
			inputFileListPaths = (
			);
			inputPaths = (
			);
			name = "Start Packager";
			outputFileListPaths = (
			);
			outputPaths = (
			);
			runOnlyForDeploymentPostprocessing = 0;
			shellPath = /bin/sh;
			shellScript = "export RCT_METRO_PORT=\"${RCT_METRO_PORT:=8081}\"\necho \"export RCT_METRO_PORT=${RCT_METRO_PORT}\" > \"${SRCROOT}/../node_modules/react-native/scripts/.packager.env\"\nif [ -z \"${RCT_NO_LAUNCH_PACKAGER+xxx}\" ] ; then\n  if nc -w 5 -z localhost ${RCT_METRO_PORT} ; then\n    if ! curl -s \"http://localhost:${RCT_METRO_PORT}/status\" | grep -q \"packager-status:running\" ; then\n      echo \"Port ${RCT_METRO_PORT} already in use, packager is either not running or not running correctly\"\n      exit 2\n    fi\n  else\n    open \"$SRCROOT/../node_modules/react-native/scripts/launchPackager.command\" || echo \"Can't start packager automatically\"\n  fi\nfi\n";
			showEnvVarsInLog = 0;
		};
/* End PBXShellScriptBuildPhase section */

/* Begin PBXSourcesBuildPhase section */
		00E356EA1AD99517003FC87E /* Sources */ = {
			isa = PBXSourcesBuildPhase;
			buildActionMask = 2147483647;
			files = (
				00E356F31AD99517003FC87E /* MapsMultiViewTests.m in Sources */,
			);
			runOnlyForDeploymentPostprocessing = 0;
		};
		13B07F871A680F5B00A75B9A /* Sources */ = {
			isa = PBXSourcesBuildPhase;
			buildActionMask = 2147483647;
			files = (
				13B07FBC1A68108700A75B9A /* AppDelegate.m in Sources */,
				13B07FC11A68108700A75B9A /* main.m in Sources */,
			);
			runOnlyForDeploymentPostprocessing = 0;
		};
		2D02E4771E0B4A5D006451C7 /* Sources */ = {
			isa = PBXSourcesBuildPhase;
			buildActionMask = 2147483647;
			files = (
				2D02E4BF1E0B4AB3006451C7 /* main.m in Sources */,
				2D02E4BC1E0B4A80006451C7 /* AppDelegate.m in Sources */,
			);
			runOnlyForDeploymentPostprocessing = 0;
		};
		2D02E48C1E0B4A5D006451C7 /* Sources */ = {
			isa = PBXSourcesBuildPhase;
			buildActionMask = 2147483647;
			files = (
				2DCD954D1E0B4F2C00145EB5 /* MapsMultiViewTests.m in Sources */,
			);
			runOnlyForDeploymentPostprocessing = 0;
		};
/* End PBXSourcesBuildPhase section */

/* Begin PBXTargetDependency section */
		00E356F51AD99517003FC87E /* PBXTargetDependency */ = {
			isa = PBXTargetDependency;
			target = 13B07F861A680F5B00A75B9A /* MapsMultiView */;
			targetProxy = 00E356F41AD99517003FC87E /* PBXContainerItemProxy */;
		};
		2D02E4921E0B4A5D006451C7 /* PBXTargetDependency */ = {
			isa = PBXTargetDependency;
			target = 2D02E47A1E0B4A5D006451C7 /* MapsMultiView-tvOS */;
			targetProxy = 2D02E4911E0B4A5D006451C7 /* PBXContainerItemProxy */;
		};
/* End PBXTargetDependency section */

/* Begin XCBuildConfiguration section */
		00E356F61AD99517003FC87E /* Debug */ = {
			isa = XCBuildConfiguration;
			buildSettings = {
				BUNDLE_LOADER = "$(TEST_HOST)";
				GCC_PREPROCESSOR_DEFINITIONS = (
					"DEBUG=1",
					"$(inherited)",
				);
				INFOPLIST_FILE = MapsMultiViewTests/Info.plist;
				IPHONEOS_DEPLOYMENT_TARGET = 10.0;
				LD_RUNPATH_SEARCH_PATHS = "$(inherited) @executable_path/Frameworks @loader_path/Frameworks";
				OTHER_LDFLAGS = (
					"-ObjC",
					"-lc++",
					"$(inherited)",
				);
				PRODUCT_BUNDLE_IDENTIFIER = "org.reactjs.native.example.$(PRODUCT_NAME:rfc1034identifier)";
				PRODUCT_NAME = "$(TARGET_NAME)";
				TEST_HOST = "$(BUILT_PRODUCTS_DIR)/MapsMultiView.app/MapsMultiView";
			};
			name = Debug;
		};
		00E356F71AD99517003FC87E /* Release */ = {
			isa = XCBuildConfiguration;
			buildSettings = {
				BUNDLE_LOADER = "$(TEST_HOST)";
				COPY_PHASE_STRIP = NO;
				INFOPLIST_FILE = MapsMultiViewTests/Info.plist;
				IPHONEOS_DEPLOYMENT_TARGET = 10.0;
				LD_RUNPATH_SEARCH_PATHS = "$(inherited) @executable_path/Frameworks @loader_path/Frameworks";
				OTHER_LDFLAGS = (
					"-ObjC",
					"-lc++",
					"$(inherited)",
				);
				PRODUCT_BUNDLE_IDENTIFIER = "org.reactjs.native.example.$(PRODUCT_NAME:rfc1034identifier)";
				PRODUCT_NAME = "$(TARGET_NAME)";
				TEST_HOST = "$(BUILT_PRODUCTS_DIR)/MapsMultiView.app/MapsMultiView";
			};
			name = Release;
		};
		13B07F941A680F5B00A75B9A /* Debug */ = {
			isa = XCBuildConfiguration;
			buildSettings = {
				ASSETCATALOG_COMPILER_APPICON_NAME = AppIcon;
				CLANG_ENABLE_MODULES = YES;
				CURRENT_PROJECT_VERSION = 1;
				ENABLE_BITCODE = NO;
				INFOPLIST_FILE = MapsMultiView/Info.plist;
				LD_RUNPATH_SEARCH_PATHS = "$(inherited) @executable_path/Frameworks";
				OTHER_LDFLAGS = (
					"$(inherited)",
					"-ObjC",
					"-lc++",
				);
				PRODUCT_BUNDLE_IDENTIFIER = "org.reactjs.native.example.$(PRODUCT_NAME:rfc1034identifier)";
				PRODUCT_NAME = MapsMultiView;
				SWIFT_OPTIMIZATION_LEVEL = "-Onone";
				SWIFT_VERSION = 5.0;
				VERSIONING_SYSTEM = "apple-generic";
			};
			name = Debug;
		};
		13B07F951A680F5B00A75B9A /* Release */ = {
			isa = XCBuildConfiguration;
			buildSettings = {
				ASSETCATALOG_COMPILER_APPICON_NAME = AppIcon;
				CLANG_ENABLE_MODULES = YES;
				CURRENT_PROJECT_VERSION = 1;
				INFOPLIST_FILE = MapsMultiView/Info.plist;
				LD_RUNPATH_SEARCH_PATHS = "$(inherited) @executable_path/Frameworks";
				OTHER_LDFLAGS = (
					"$(inherited)",
					"-ObjC",
					"-lc++",
				);
				PRODUCT_BUNDLE_IDENTIFIER = "org.reactjs.native.example.$(PRODUCT_NAME:rfc1034identifier)";
				PRODUCT_NAME = MapsMultiView;
				SWIFT_VERSION = 5.0;
				VERSIONING_SYSTEM = "apple-generic";
			};
			name = Release;
		};
		2D02E4971E0B4A5E006451C7 /* Debug */ = {
			isa = XCBuildConfiguration;
			buildSettings = {
				ASSETCATALOG_COMPILER_APPICON_NAME = "App Icon & Top Shelf Image";
				ASSETCATALOG_COMPILER_LAUNCHIMAGE_NAME = LaunchImage;
				CLANG_ANALYZER_NONNULL = YES;
				CLANG_WARN_DOCUMENTATION_COMMENTS = YES;
				CLANG_WARN_INFINITE_RECURSION = YES;
				CLANG_WARN_SUSPICIOUS_MOVE = YES;
				DEBUG_INFORMATION_FORMAT = dwarf;
				ENABLE_TESTABILITY = YES;
				GCC_NO_COMMON_BLOCKS = YES;
				INFOPLIST_FILE = "MapsMultiView-tvOS/Info.plist";
				LD_RUNPATH_SEARCH_PATHS = "$(inherited) @executable_path/Frameworks";
				OTHER_LDFLAGS = (
					"$(inherited)",
					"-ObjC",
					"-lc++",
				);
				PRODUCT_BUNDLE_IDENTIFIER = "org.reactjs.native.example.MapsMultiView-tvOS";
				PRODUCT_NAME = "$(TARGET_NAME)";
				SDKROOT = appletvos;
				TARGETED_DEVICE_FAMILY = 3;
				TVOS_DEPLOYMENT_TARGET = 10.0;
			};
			name = Debug;
		};
		2D02E4981E0B4A5E006451C7 /* Release */ = {
			isa = XCBuildConfiguration;
			buildSettings = {
				ASSETCATALOG_COMPILER_APPICON_NAME = "App Icon & Top Shelf Image";
				ASSETCATALOG_COMPILER_LAUNCHIMAGE_NAME = LaunchImage;
				CLANG_ANALYZER_NONNULL = YES;
				CLANG_WARN_DOCUMENTATION_COMMENTS = YES;
				CLANG_WARN_INFINITE_RECURSION = YES;
				CLANG_WARN_SUSPICIOUS_MOVE = YES;
				COPY_PHASE_STRIP = NO;
				DEBUG_INFORMATION_FORMAT = "dwarf-with-dsym";
				GCC_NO_COMMON_BLOCKS = YES;
				INFOPLIST_FILE = "MapsMultiView-tvOS/Info.plist";
				LD_RUNPATH_SEARCH_PATHS = "$(inherited) @executable_path/Frameworks";
				OTHER_LDFLAGS = (
					"$(inherited)",
					"-ObjC",
					"-lc++",
				);
				PRODUCT_BUNDLE_IDENTIFIER = "org.reactjs.native.example.MapsMultiView-tvOS";
				PRODUCT_NAME = "$(TARGET_NAME)";
				SDKROOT = appletvos;
				TARGETED_DEVICE_FAMILY = 3;
				TVOS_DEPLOYMENT_TARGET = 10.0;
			};
			name = Release;
		};
		2D02E4991E0B4A5E006451C7 /* Debug */ = {
			isa = XCBuildConfiguration;
			buildSettings = {
				BUNDLE_LOADER = "$(TEST_HOST)";
				CLANG_ANALYZER_NONNULL = YES;
				CLANG_WARN_DOCUMENTATION_COMMENTS = YES;
				CLANG_WARN_INFINITE_RECURSION = YES;
				CLANG_WARN_SUSPICIOUS_MOVE = YES;
				DEBUG_INFORMATION_FORMAT = dwarf;
				ENABLE_TESTABILITY = YES;
				GCC_NO_COMMON_BLOCKS = YES;
				INFOPLIST_FILE = "MapsMultiView-tvOSTests/Info.plist";
				LD_RUNPATH_SEARCH_PATHS = "$(inherited) @executable_path/Frameworks @loader_path/Frameworks";
				OTHER_LDFLAGS = (
					"$(inherited)",
					"-ObjC",
					"-lc++",
				);
				PRODUCT_BUNDLE_IDENTIFIER = "org.reactjs.native.example.MapsMultiView-tvOSTests";
				PRODUCT_NAME = "$(TARGET_NAME)";
				SDKROOT = appletvos;
				TEST_HOST = "$(BUILT_PRODUCTS_DIR)/MapsMultiView-tvOS.app/MapsMultiView-tvOS";
				TVOS_DEPLOYMENT_TARGET = 10.1;
			};
			name = Debug;
		};
		2D02E49A1E0B4A5E006451C7 /* Release */ = {
			isa = XCBuildConfiguration;
			buildSettings = {
				BUNDLE_LOADER = "$(TEST_HOST)";
				CLANG_ANALYZER_NONNULL = YES;
				CLANG_WARN_DOCUMENTATION_COMMENTS = YES;
				CLANG_WARN_INFINITE_RECURSION = YES;
				CLANG_WARN_SUSPICIOUS_MOVE = YES;
				COPY_PHASE_STRIP = NO;
				DEBUG_INFORMATION_FORMAT = "dwarf-with-dsym";
				GCC_NO_COMMON_BLOCKS = YES;
				INFOPLIST_FILE = "MapsMultiView-tvOSTests/Info.plist";
				LD_RUNPATH_SEARCH_PATHS = "$(inherited) @executable_path/Frameworks @loader_path/Frameworks";
				OTHER_LDFLAGS = (
					"$(inherited)",
					"-ObjC",
					"-lc++",
				);
				PRODUCT_BUNDLE_IDENTIFIER = "org.reactjs.native.example.MapsMultiView-tvOSTests";
				PRODUCT_NAME = "$(TARGET_NAME)";
				SDKROOT = appletvos;
				TEST_HOST = "$(BUILT_PRODUCTS_DIR)/MapsMultiView-tvOS.app/MapsMultiView-tvOS";
				TVOS_DEPLOYMENT_TARGET = 10.1;
			};
			name = Release;
		};
		83CBBA201A601CBA00E9B192 /* Debug */ = {
			isa = XCBuildConfiguration;
			buildSettings = {
				ALWAYS_SEARCH_USER_PATHS = NO;
				CLANG_ANALYZER_LOCALIZABILITY_NONLOCALIZED = YES;
				CLANG_CXX_LANGUAGE_STANDARD = "gnu++0x";
				CLANG_CXX_LIBRARY = "libc++";
				CLANG_ENABLE_MODULES = YES;
				CLANG_ENABLE_OBJC_ARC = YES;
				CLANG_WARN_BLOCK_CAPTURE_AUTORELEASING = YES;
				CLANG_WARN_BOOL_CONVERSION = YES;
				CLANG_WARN_COMMA = YES;
				CLANG_WARN_CONSTANT_CONVERSION = YES;
				CLANG_WARN_DEPRECATED_OBJC_IMPLEMENTATIONS = YES;
				CLANG_WARN_DIRECT_OBJC_ISA_USAGE = YES_ERROR;
				CLANG_WARN_EMPTY_BODY = YES;
				CLANG_WARN_ENUM_CONVERSION = YES;
				CLANG_WARN_INFINITE_RECURSION = YES;
				CLANG_WARN_INT_CONVERSION = YES;
				CLANG_WARN_NON_LITERAL_NULL_CONVERSION = YES;
				CLANG_WARN_OBJC_IMPLICIT_RETAIN_SELF = YES;
				CLANG_WARN_OBJC_LITERAL_CONVERSION = YES;
				CLANG_WARN_OBJC_ROOT_CLASS = YES_ERROR;
				CLANG_WARN_RANGE_LOOP_ANALYSIS = YES;
				CLANG_WARN_STRICT_PROTOTYPES = YES;
				CLANG_WARN_SUSPICIOUS_MOVE = YES;
				CLANG_WARN_UNREACHABLE_CODE = YES;
				CLANG_WARN__DUPLICATE_METHOD_MATCH = YES;
				"CODE_SIGN_IDENTITY[sdk=iphoneos*]" = "iPhone Developer";
				COPY_PHASE_STRIP = NO;
				ENABLE_STRICT_OBJC_MSGSEND = YES;
				ENABLE_TESTABILITY = YES;
				GCC_C_LANGUAGE_STANDARD = gnu99;
				GCC_DYNAMIC_NO_PIC = NO;
				GCC_NO_COMMON_BLOCKS = YES;
				GCC_OPTIMIZATION_LEVEL = 0;
				GCC_PREPROCESSOR_DEFINITIONS = (
					"DEBUG=1",
					"$(inherited)",
				);
				GCC_SYMBOLS_PRIVATE_EXTERN = NO;
				GCC_WARN_64_TO_32_BIT_CONVERSION = YES;
				GCC_WARN_ABOUT_RETURN_TYPE = YES_ERROR;
				GCC_WARN_UNDECLARED_SELECTOR = YES;
				GCC_WARN_UNINITIALIZED_AUTOS = YES_AGGRESSIVE;
				GCC_WARN_UNUSED_FUNCTION = YES;
				GCC_WARN_UNUSED_VARIABLE = YES;
				IPHONEOS_DEPLOYMENT_TARGET = 10.0;
				LD_RUNPATH_SEARCH_PATHS = "/usr/lib/swift $(inherited)";
				LIBRARY_SEARCH_PATHS = (
					"\"$(TOOLCHAIN_DIR)/usr/lib/swift/$(PLATFORM_NAME)\"",
					"\"$(TOOLCHAIN_DIR)/usr/lib/swift-5.0/$(PLATFORM_NAME)\"",
					"\"$(inherited)\"",
				);
				MTL_ENABLE_DEBUG_INFO = YES;
				ONLY_ACTIVE_ARCH = YES;
				SDKROOT = iphoneos;
			};
			name = Debug;
		};
		83CBBA211A601CBA00E9B192 /* Release */ = {
			isa = XCBuildConfiguration;
			buildSettings = {
				ALWAYS_SEARCH_USER_PATHS = NO;
				CLANG_ANALYZER_LOCALIZABILITY_NONLOCALIZED = YES;
				CLANG_CXX_LANGUAGE_STANDARD = "gnu++0x";
				CLANG_CXX_LIBRARY = "libc++";
				CLANG_ENABLE_MODULES = YES;
				CLANG_ENABLE_OBJC_ARC = YES;
				CLANG_WARN_BLOCK_CAPTURE_AUTORELEASING = YES;
				CLANG_WARN_BOOL_CONVERSION = YES;
				CLANG_WARN_COMMA = YES;
				CLANG_WARN_CONSTANT_CONVERSION = YES;
				CLANG_WARN_DEPRECATED_OBJC_IMPLEMENTATIONS = YES;
				CLANG_WARN_DIRECT_OBJC_ISA_USAGE = YES_ERROR;
				CLANG_WARN_EMPTY_BODY = YES;
				CLANG_WARN_ENUM_CONVERSION = YES;
				CLANG_WARN_INFINITE_RECURSION = YES;
				CLANG_WARN_INT_CONVERSION = YES;
				CLANG_WARN_NON_LITERAL_NULL_CONVERSION = YES;
				CLANG_WARN_OBJC_IMPLICIT_RETAIN_SELF = YES;
				CLANG_WARN_OBJC_LITERAL_CONVERSION = YES;
				CLANG_WARN_OBJC_ROOT_CLASS = YES_ERROR;
				CLANG_WARN_RANGE_LOOP_ANALYSIS = YES;
				CLANG_WARN_STRICT_PROTOTYPES = YES;
				CLANG_WARN_SUSPICIOUS_MOVE = YES;
				CLANG_WARN_UNREACHABLE_CODE = YES;
				CLANG_WARN__DUPLICATE_METHOD_MATCH = YES;
				"CODE_SIGN_IDENTITY[sdk=iphoneos*]" = "iPhone Developer";
				COPY_PHASE_STRIP = YES;
				ENABLE_NS_ASSERTIONS = NO;
				ENABLE_STRICT_OBJC_MSGSEND = YES;
				GCC_C_LANGUAGE_STANDARD = gnu99;
				GCC_NO_COMMON_BLOCKS = YES;
				GCC_WARN_64_TO_32_BIT_CONVERSION = YES;
				GCC_WARN_ABOUT_RETURN_TYPE = YES_ERROR;
				GCC_WARN_UNDECLARED_SELECTOR = YES;
				GCC_WARN_UNINITIALIZED_AUTOS = YES_AGGRESSIVE;
				GCC_WARN_UNUSED_FUNCTION = YES;
				GCC_WARN_UNUSED_VARIABLE = YES;
				IPHONEOS_DEPLOYMENT_TARGET = 10.0;
				LD_RUNPATH_SEARCH_PATHS = "/usr/lib/swift $(inherited)";
				LIBRARY_SEARCH_PATHS = (
					"\"$(TOOLCHAIN_DIR)/usr/lib/swift/$(PLATFORM_NAME)\"",
					"\"$(TOOLCHAIN_DIR)/usr/lib/swift-5.0/$(PLATFORM_NAME)\"",
					"\"$(inherited)\"",
				);
				MTL_ENABLE_DEBUG_INFO = NO;
				SDKROOT = iphoneos;
				VALIDATE_PRODUCT = YES;
			};
			name = Release;
		};
/* End XCBuildConfiguration section */

/* Begin XCConfigurationList section */
		00E357021AD99517003FC87E /* Build configuration list for PBXNativeTarget "MapsMultiViewTests" */ = {
			isa = XCConfigurationList;
			buildConfigurations = (
				00E356F61AD99517003FC87E /* Debug */,
				00E356F71AD99517003FC87E /* Release */,
			);
			defaultConfigurationIsVisible = 0;
			defaultConfigurationName = Release;
		};
		13B07F931A680F5B00A75B9A /* Build configuration list for PBXNativeTarget "MapsMultiView" */ = {
			isa = XCConfigurationList;
			buildConfigurations = (
				13B07F941A680F5B00A75B9A /* Debug */,
				13B07F951A680F5B00A75B9A /* Release */,
			);
			defaultConfigurationIsVisible = 0;
			defaultConfigurationName = Release;
		};
		2D02E4BA1E0B4A5E006451C7 /* Build configuration list for PBXNativeTarget "MapsMultiView-tvOS" */ = {
			isa = XCConfigurationList;
			buildConfigurations = (
				2D02E4971E0B4A5E006451C7 /* Debug */,
				2D02E4981E0B4A5E006451C7 /* Release */,
			);
			defaultConfigurationIsVisible = 0;
			defaultConfigurationName = Release;
		};
		2D02E4BB1E0B4A5E006451C7 /* Build configuration list for PBXNativeTarget "MapsMultiView-tvOSTests" */ = {
			isa = XCConfigurationList;
			buildConfigurations = (
				2D02E4991E0B4A5E006451C7 /* Debug */,
				2D02E49A1E0B4A5E006451C7 /* Release */,
			);
			defaultConfigurationIsVisible = 0;
			defaultConfigurationName = Release;
		};
		83CBB9FA1A601CBA00E9B192 /* Build configuration list for PBXProject "MapsMultiView" */ = {
			isa = XCConfigurationList;
			buildConfigurations = (
				83CBBA201A601CBA00E9B192 /* Debug */,
				83CBBA211A601CBA00E9B192 /* Release */,
			);
			defaultConfigurationIsVisible = 0;
			defaultConfigurationName = Release;
		};
/* End XCConfigurationList section */
	};
	rootObject = 83CBB9F71A601CBA00E9B192 /* Project object */;
}
